
Microsoft Visual Studio Solution File, Format Version 12.00
# Visual Studio Version 17
VisualStudioVersion = 17.14.36429.23
MinimumVisualStudioVersion = 10.0.40219.1
Project("{2150E333-8FDC-42A3-9474-1A3956D46DE8}") = "Task0", "Task0", "{02EA681E-C7D8-13C7-8484-4AC65E1B71E8}"
EndProject
Project("{FAE04EC0-301F-11D3-BF4B-00C04F79EFBC}") = "Tyuiu.KozyrevRA.Sprint1.Task0.V12", "Tyuiu.KozyrevRA.Sprint1.Task0.V12\Tyuiu.KozyrevRA.Sprint1.Task0.V12.csproj", "{DA7AD09D-B064-43B3-B5FD-29CED8631A28}"
EndProject
Project("{FAE04EC0-301F-11D3-BF4B-00C04F79EFBC}") = "Tyuiu.KozyrevRA.Sprint1.Task0.V12.Test", "Tyuiu.KozyrevRA.Sprint1.Task0.V12.Test\Tyuiu.KozyrevRA.Sprint1.Task0.V12.Test.csproj", "{52BDB4EF-A706-49F0-9675-C5B232DFD1AE}"
EndProject
Project("{FAE04EC0-301F-11D3-BF4B-00C04F79EFBC}") = "Tyuiu.KozyrevRA.Sprint1.Task0.V12.Lib", "Tyuiu.KozyrevRA.Sprint1.Task0.V12.Lib\Tyuiu.KozyrevRA.Sprint1.Task0.V12.Lib.csproj", "{826A4A4C-0554-4793-AE67-44A24EBC77D9}"
EndProject
Project("{2150E333-8FDC-42A3-9474-1A3956D46DE8}") = "Task1", "Task1", "{22F4578F-9D06-4C1A-87E6-25132B38BB17}"
EndProject
Project("{FAE04EC0-301F-11D3-BF4B-00C04F79EFBC}") = "Tyuiu.KozyrevRA.Sprint1.Task1.V24", "Tyuiu.KozyrevRA.Sprint1.Task1.V24\Tyuiu.KozyrevRA.Sprint1.Task1.V24.csproj", "{1354FE8D-DE3A-4532-80CE-B14DA69B8389}"
EndProject
Project("{FAE04EC0-301F-11D3-BF4B-00C04F79EFBC}") = "Tyuiu.KozyrevRA.Sprint1.Task1.V24.Test", "Tyuiu.KozyrevRA.Sprint1.Task1.V24.Test\Tyuiu.KozyrevRA.Sprint1.Task1.V24.Test.csproj", "{60F15A67-CEA0-410B-A96C-4E32F6069B20}"
EndProject
Project("{FAE04EC0-301F-11D3-BF4B-00C04F79EFBC}") = "Tyuiu.KozyrevRA.Sprint1.Task1.V24.Lib", "Tyuiu.KozyrevRA.Sprint1.Task1.V24.Lib\Tyuiu.KozyrevRA.Sprint1.Task1.V24.Lib.csproj", "{23471951-D951-47C3-82C4-7D9A001A9FB8}"
EndProject
Project("{2150E333-8FDC-42A3-9474-1A3956D46DE8}") = "Task2", "Task2", "{13487CCD-E92A-4582-AD39-F18A9EEEA4DB}"
EndProject
Project("{FAE04EC0-301F-11D3-BF4B-00C04F79EFBC}") = "Tyuiu.KozyrevRA.Sprint1.Task2.V5", "Tyuiu.KozyrevRA.Sprint1.Task2.V5\Tyuiu.KozyrevRA.Sprint1.Task2.V5.csproj", "{E0655924-72A1-4762-A2B8-9EEF5E077536}"
EndProject
Project("{FAE04EC0-301F-11D3-BF4B-00C04F79EFBC}") = "Tyuiu.KozyrevRA.Sprint1.Task2.V5.Lib", "Tyuiu.KozyrevRA.Sprint1.Task2.V5.Lib\Tyuiu.KozyrevRA.Sprint1.Task2.V5.Lib.csproj", "{1CDD021B-BBDE-49A9-9D02-7D3B4B29DBED}"
EndProject
Project("{FAE04EC0-301F-11D3-BF4B-00C04F79EFBC}") = "Tyuiu.KozyrevRA.Sprint1.Task2.V5.Test", "Tyuiu.KozyrevRA.Sprint1.Task2.V5.Test\Tyuiu.KozyrevRA.Sprint1.Task2.V5.Test.csproj", "{B84E4596-7315-4264-8AF9-AF946CA0B8E6}"
EndProject
Project("{2150E333-8FDC-42A3-9474-1A3956D46DE8}") = "Task3", "Task3", "{6E7CD832-AFA3-4D03-B82D-E8F1AFF94819}"
EndProject
Project("{FAE04EC0-301F-11D3-BF4B-00C04F79EFBC}") = "Tyuiu.KozyrevRA.Sprint1.Task3.V18", "Tyuiu.KozyrevRA.Sprint1.Task3.V18\Tyuiu.KozyrevRA.Sprint1.Task3.V18.csproj", "{71D6A74F-3540-439B-9BFD-7AD99B528115}"
EndProject
Project("{FAE04EC0-301F-11D3-BF4B-00C04F79EFBC}") = "Tyuiu.KozyrevRA.Sprint1.Task3.V18.Test", "Tyuiu.KozyrevRA.Sprint1.Task3.V18.Test\Tyuiu.KozyrevRA.Sprint1.Task3.V18.Test.csproj", "{9A773018-FD24-4312-9F54-13F3B2306D88}"
EndProject
Project("{FAE04EC0-301F-11D3-BF4B-00C04F79EFBC}") = "Tyuiu.KozyrevRA.Sprint1.Task3.V18.Lib", "Tyuiu.KozyrevRA.Sprint1.Task3.V18.Lib\Tyuiu.KozyrevRA.Sprint1.Task3.V18.Lib.csproj", "{DEC26B07-E7E0-4B55-80C7-A6349D11A7F1}"
EndProject
Project("{2150E333-8FDC-42A3-9474-1A3956D46DE8}") = "Task4", "Task4", "{BCCE24F6-38A0-4B36-BEC2-169FEBBE1160}"
EndProject
Project("{FAE04EC0-301F-11D3-BF4B-00C04F79EFBC}") = "Tyuiu.KozyrevRA.Sprint1.Task4.V8", "Tyuiu.KozyrevRA.Sprint1.Task4.V8\Tyuiu.KozyrevRA.Sprint1.Task4.V8.csproj", "{52539D17-B55D-42B0-A600-29F8408273E8}"
EndProject
Project("{FAE04EC0-301F-11D3-BF4B-00C04F79EFBC}") = "Tyuiu.KozyrevRA.Sprint1.Task4.V8.Lib", "Tyuiu.KozyrevRA.Sprint1.Task4.V8.Lib\Tyuiu.KozyrevRA.Sprint1.Task4.V8.Lib.csproj", "{EEC45744-208C-4C23-BEBE-9435928AD16D}"
EndProject
Project("{FAE04EC0-301F-11D3-BF4B-00C04F79EFBC}") = "Tyuiu.KozyrevRA.Sprint1.Task4.V8.Test", "Tyuiu.KozyrevRA.Sprint1.Task4.V8.Test\Tyuiu.KozyrevRA.Sprint1.Task4.V8.Test.csproj", "{826C19EB-49B6-4C95-9E92-EE320E419BE5}"
EndProject
Project("{2150E333-8FDC-42A3-9474-1A3956D46DE8}") = "Task5", "Task5", "{6EFD28EB-6E59-4F20-A196-4ECD973507D6}"
EndProject
Project("{FAE04EC0-301F-11D3-BF4B-00C04F79EFBC}") = "Tyuiu.KozyrevRA.Sprint1.Task5.V2", "Tyuiu.KozyrevRA.Sprint1.Task5.V2\Tyuiu.KozyrevRA.Sprint1.Task5.V2.csproj", "{B89A3D39-D0F8-4393-A4A9-C4F9081A9ADD}"
EndProject
Project("{FAE04EC0-301F-11D3-BF4B-00C04F79EFBC}") = "Tyuiu.KozyrevRA.Sprint1.Task5.V2.Lib", "Tyuiu.KozyrevRA.Sprint1.Task5.V2.Lib\Tyuiu.KozyrevRA.Sprint1.Task5.V2.Lib.csproj", "{5FE4749D-11DE-4CD5-A082-2D034264DCA0}"
EndProject
Project("{FAE04EC0-301F-11D3-BF4B-00C04F79EFBC}") = "Tyuiu.KozyrevRA.Sprint1.Task5.V2.Test", "Tyuiu.KozyrevRA.Sprint1.Task5.V2.Test\Tyuiu.KozyrevRA.Sprint1.Task5.V2.Test.csproj", "{C5B41793-258F-4CCF-AE2D-4245451C1B62}"
EndProject
Project("{2150E333-8FDC-42A3-9474-1A3956D46DE8}") = "Task6", "Task6", "{E0566476-F3CF-4F11-88CA-F2D9FC183352}"
EndProject
Project("{FAE04EC0-301F-11D3-BF4B-00C04F79EFBC}") = "Tyuiu.KozyrevRA.Sprint1.Task6.V5", "Tyuiu.KozyrevRA.Sprint1.Task6.V5\Tyuiu.KozyrevRA.Sprint1.Task6.V5.csproj", "{12804CE0-38C4-4004-BA83-821E0FDBF2DC}"
EndProject
Project("{FAE04EC0-301F-11D3-BF4B-00C04F79EFBC}") = "Tyuiu.KozyrevRA.Sprint1.Task6.V5.Test", "Tyuiu.KozyrevRA.Sprint1.Task6.V5.Test\Tyuiu.KozyrevRA.Sprint1.Task6.V5.Test.csproj", "{D2EBA5B2-862E-4F35-9639-A100D496F436}"
EndProject
Project("{FAE04EC0-301F-11D3-BF4B-00C04F79EFBC}") = "Tyuiu.KozyrevRA.Sprint1.Task6.V5.Lib", "Tyuiu.KozyrevRA.Sprint1.Task6.V5.Lib\Tyuiu.KozyrevRA.Sprint1.Task6.V5.Lib.csproj", "{1CFC1F1C-16B3-4A77-99E3-743380C5EE22}"
EndProject
Global
	GlobalSection(SolutionConfigurationPlatforms) = preSolution
		Debug|Any CPU = Debug|Any CPU
		Release|Any CPU = Release|Any CPU
	EndGlobalSection
	GlobalSection(ProjectConfigurationPlatforms) = postSolution
		{DA7AD09D-B064-43B3-B5FD-29CED8631A28}.Debug|Any CPU.ActiveCfg = Debug|Any CPU
		{DA7AD09D-B064-43B3-B5FD-29CED8631A28}.Debug|Any CPU.Build.0 = Debug|Any CPU
		{DA7AD09D-B064-43B3-B5FD-29CED8631A28}.Release|Any CPU.ActiveCfg = Release|Any CPU
		{DA7AD09D-B064-43B3-B5FD-29CED8631A28}.Release|Any CPU.Build.0 = Release|Any CPU
		{52BDB4EF-A706-49F0-9675-C5B232DFD1AE}.Debug|Any CPU.ActiveCfg = Debug|Any CPU
		{52BDB4EF-A706-49F0-9675-C5B232DFD1AE}.Debug|Any CPU.Build.0 = Debug|Any CPU
		{52BDB4EF-A706-49F0-9675-C5B232DFD1AE}.Release|Any CPU.ActiveCfg = Release|Any CPU
		{52BDB4EF-A706-49F0-9675-C5B232DFD1AE}.Release|Any CPU.Build.0 = Release|Any CPU
		{826A4A4C-0554-4793-AE67-44A24EBC77D9}.Debug|Any CPU.ActiveCfg = Debug|Any CPU
		{826A4A4C-0554-4793-AE67-44A24EBC77D9}.Debug|Any CPU.Build.0 = Debug|Any CPU
		{826A4A4C-0554-4793-AE67-44A24EBC77D9}.Release|Any CPU.ActiveCfg = Release|Any CPU
		{826A4A4C-0554-4793-AE67-44A24EBC77D9}.Release|Any CPU.Build.0 = Release|Any CPU
		{1354FE8D-DE3A-4532-80CE-B14DA69B8389}.Debug|Any CPU.ActiveCfg = Debug|Any CPU
		{1354FE8D-DE3A-4532-80CE-B14DA69B8389}.Debug|Any CPU.Build.0 = Debug|Any CPU
		{1354FE8D-DE3A-4532-80CE-B14DA69B8389}.Release|Any CPU.ActiveCfg = Release|Any CPU
		{1354FE8D-DE3A-4532-80CE-B14DA69B8389}.Release|Any CPU.Build.0 = Release|Any CPU
		{60F15A67-CEA0-410B-A96C-4E32F6069B20}.Debug|Any CPU.ActiveCfg = Debug|Any CPU
		{60F15A67-CEA0-410B-A96C-4E32F6069B20}.Debug|Any CPU.Build.0 = Debug|Any CPU
		{60F15A67-CEA0-410B-A96C-4E32F6069B20}.Release|Any CPU.ActiveCfg = Release|Any CPU
		{60F15A67-CEA0-410B-A96C-4E32F6069B20}.Release|Any CPU.Build.0 = Release|Any CPU
		{23471951-D951-47C3-82C4-7D9A001A9FB8}.Debug|Any CPU.ActiveCfg = Debug|Any CPU
		{23471951-D951-47C3-82C4-7D9A001A9FB8}.Debug|Any CPU.Build.0 = Debug|Any CPU
		{23471951-D951-47C3-82C4-7D9A001A9FB8}.Release|Any CPU.ActiveCfg = Release|Any CPU
		{23471951-D951-47C3-82C4-7D9A001A9FB8}.Release|Any CPU.Build.0 = Release|Any CPU
		{E0655924-72A1-4762-A2B8-9EEF5E077536}.Debug|Any CPU.ActiveCfg = Debug|Any CPU
		{E0655924-72A1-4762-A2B8-9EEF5E077536}.Debug|Any CPU.Build.0 = Debug|Any CPU
		{E0655924-72A1-4762-A2B8-9EEF5E077536}.Release|Any CPU.ActiveCfg = Release|Any CPU
		{E0655924-72A1-4762-A2B8-9EEF5E077536}.Release|Any CPU.Build.0 = Release|Any CPU
		{1CDD021B-BBDE-49A9-9D02-7D3B4B29DBED}.Debug|Any CPU.ActiveCfg = Debug|Any CPU
		{1CDD021B-BBDE-49A9-9D02-7D3B4B29DBED}.Debug|Any CPU.Build.0 = Debug|Any CPU
		{1CDD021B-BBDE-49A9-9D02-7D3B4B29DBED}.Release|Any CPU.ActiveCfg = Release|Any CPU
		{1CDD021B-BBDE-49A9-9D02-7D3B4B29DBED}.Release|Any CPU.Build.0 = Release|Any CPU
		{B84E4596-7315-4264-8AF9-AF946CA0B8E6}.Debug|Any CPU.ActiveCfg = Debug|Any CPU
		{B84E4596-7315-4264-8AF9-AF946CA0B8E6}.Debug|Any CPU.Build.0 = Debug|Any CPU
		{B84E4596-7315-4264-8AF9-AF946CA0B8E6}.Release|Any CPU.ActiveCfg = Release|Any CPU
		{B84E4596-7315-4264-8AF9-AF946CA0B8E6}.Release|Any CPU.Build.0 = Release|Any CPU
		{71D6A74F-3540-439B-9BFD-7AD99B528115}.Debug|Any CPU.ActiveCfg = Debug|Any CPU
		{71D6A74F-3540-439B-9BFD-7AD99B528115}.Debug|Any CPU.Build.0 = Debug|Any CPU
		{71D6A74F-3540-439B-9BFD-7AD99B528115}.Release|Any CPU.ActiveCfg = Release|Any CPU
		{71D6A74F-3540-439B-9BFD-7AD99B528115}.Release|Any CPU.Build.0 = Release|Any CPU
		{9A773018-FD24-4312-9F54-13F3B2306D88}.Debug|Any CPU.ActiveCfg = Debug|Any CPU
		{9A773018-FD24-4312-9F54-13F3B2306D88}.Debug|Any CPU.Build.0 = Debug|Any CPU
		{9A773018-FD24-4312-9F54-13F3B2306D88}.Release|Any CPU.ActiveCfg = Release|Any CPU
		{9A773018-FD24-4312-9F54-13F3B2306D88}.Release|Any CPU.Build.0 = Release|Any CPU
		{DEC26B07-E7E0-4B55-80C7-A6349D11A7F1}.Debug|Any CPU.ActiveCfg = Debug|Any CPU
		{DEC26B07-E7E0-4B55-80C7-A6349D11A7F1}.Debug|Any CPU.Build.0 = Debug|Any CPU
		{DEC26B07-E7E0-4B55-80C7-A6349D11A7F1}.Release|Any CPU.ActiveCfg = Release|Any CPU
		{DEC26B07-E7E0-4B55-80C7-A6349D11A7F1}.Release|Any CPU.Build.0 = Release|Any CPU
		{52539D17-B55D-42B0-A600-29F8408273E8}.Debug|Any CPU.ActiveCfg = Debug|Any CPU
		{52539D17-B55D-42B0-A600-29F8408273E8}.Debug|Any CPU.Build.0 = Debug|Any CPU
		{52539D17-B55D-42B0-A600-29F8408273E8}.Release|Any CPU.ActiveCfg = Release|Any CPU
		{52539D17-B55D-42B0-A600-29F8408273E8}.Release|Any CPU.Build.0 = Release|Any CPU
		{EEC45744-208C-4C23-BEBE-9435928AD16D}.Debug|Any CPU.ActiveCfg = Debug|Any CPU
		{EEC45744-208C-4C23-BEBE-9435928AD16D}.Debug|Any CPU.Build.0 = Debug|Any CPU
		{EEC45744-208C-4C23-BEBE-9435928AD16D}.Release|Any CPU.ActiveCfg = Release|Any CPU
		{EEC45744-208C-4C23-BEBE-9435928AD16D}.Release|Any CPU.Build.0 = Release|Any CPU
		{826C19EB-49B6-4C95-9E92-EE320E419BE5}.Debug|Any CPU.ActiveCfg = Debug|Any CPU
		{826C19EB-49B6-4C95-9E92-EE320E419BE5}.Debug|Any CPU.Build.0 = Debug|Any CPU
		{826C19EB-49B6-4C95-9E92-EE320E419BE5}.Release|Any CPU.ActiveCfg = Release|Any CPU
		{826C19EB-49B6-4C95-9E92-EE320E419BE5}.Release|Any CPU.Build.0 = Release|Any CPU
		{B89A3D39-D0F8-4393-A4A9-C4F9081A9ADD}.Debug|Any CPU.ActiveCfg = Debug|Any CPU
		{B89A3D39-D0F8-4393-A4A9-C4F9081A9ADD}.Debug|Any CPU.Build.0 = Debug|Any CPU
		{B89A3D39-D0F8-4393-A4A9-C4F9081A9ADD}.Release|Any CPU.ActiveCfg = Release|Any CPU
		{B89A3D39-D0F8-4393-A4A9-C4F9081A9ADD}.Release|Any CPU.Build.0 = Release|Any CPU
		{5FE4749D-11DE-4CD5-A082-2D034264DCA0}.Debug|Any CPU.ActiveCfg = Debug|Any CPU
		{5FE4749D-11DE-4CD5-A082-2D034264DCA0}.Debug|Any CPU.Build.0 = Debug|Any CPU
		{5FE4749D-11DE-4CD5-A082-2D034264DCA0}.Release|Any CPU.ActiveCfg = Release|Any CPU
		{5FE4749D-11DE-4CD5-A082-2D034264DCA0}.Release|Any CPU.Build.0 = Release|Any CPU
		{C5B41793-258F-4CCF-AE2D-4245451C1B62}.Debug|Any CPU.ActiveCfg = Debug|Any CPU
		{C5B41793-258F-4CCF-AE2D-4245451C1B62}.Debug|Any CPU.Build.0 = Debug|Any CPU
		{C5B41793-258F-4CCF-AE2D-4245451C1B62}.Release|Any CPU.ActiveCfg = Release|Any CPU
		{C5B41793-258F-4CCF-AE2D-4245451C1B62}.Release|Any CPU.Build.0 = Release|Any CPU
		{12804CE0-38C4-4004-BA83-821E0FDBF2DC}.Debug|Any CPU.ActiveCfg = Debug|Any CPU
		{12804CE0-38C4-4004-BA83-821E0FDBF2DC}.Debug|Any CPU.Build.0 = Debug|Any CPU
		{12804CE0-38C4-4004-BA83-821E0FDBF2DC}.Release|Any CPU.ActiveCfg = Release|Any CPU
		{12804CE0-38C4-4004-BA83-821E0FDBF2DC}.Release|Any CPU.Build.0 = Release|Any CPU
		{D2EBA5B2-862E-4F35-9639-A100D496F436}.Debug|Any CPU.ActiveCfg = Debug|Any CPU
		{D2EBA5B2-862E-4F35-9639-A100D496F436}.Debug|Any CPU.Build.0 = Debug|Any CPU
		{D2EBA5B2-862E-4F35-9639-A100D496F436}.Release|Any CPU.ActiveCfg = Release|Any CPU
		{D2EBA5B2-862E-4F35-9639-A100D496F436}.Release|Any CPU.Build.0 = Release|Any CPU
		{1CFC1F1C-16B3-4A77-99E3-743380C5EE22}.Debug|Any CPU.ActiveCfg = Debug|Any CPU
		{1CFC1F1C-16B3-4A77-99E3-743380C5EE22}.Debug|Any CPU.Build.0 = Debug|Any CPU
		{1CFC1F1C-16B3-4A77-99E3-743380C5EE22}.Release|Any CPU.ActiveCfg = Release|Any CPU
		{1CFC1F1C-16B3-4A77-99E3-743380C5EE22}.Release|Any CPU.Build.0 = Release|Any CPU
	EndGlobalSection
	GlobalSection(SolutionProperties) = preSolution
		HideSolutionNode = FALSE
	EndGlobalSection
	GlobalSection(NestedProjects) = preSolution
		{DA7AD09D-B064-43B3-B5FD-29CED8631A28} = {02EA681E-C7D8-13C7-8484-4AC65E1B71E8}
		{52BDB4EF-A706-49F0-9675-C5B232DFD1AE} = {02EA681E-C7D8-13C7-8484-4AC65E1B71E8}
		{826A4A4C-0554-4793-AE67-44A24EBC77D9} = {02EA681E-C7D8-13C7-8484-4AC65E1B71E8}
		{1354FE8D-DE3A-4532-80CE-B14DA69B8389} = {22F4578F-9D06-4C1A-87E6-25132B38BB17}
		{60F15A67-CEA0-410B-A96C-4E32F6069B20} = {22F4578F-9D06-4C1A-87E6-25132B38BB17}
		{23471951-D951-47C3-82C4-7D9A001A9FB8} = {22F4578F-9D06-4C1A-87E6-25132B38BB17}
		{E0655924-72A1-4762-A2B8-9EEF5E077536} = {13487CCD-E92A-4582-AD39-F18A9EEEA4DB}
		{1CDD021B-BBDE-49A9-9D02-7D3B4B29DBED} = {13487CCD-E92A-4582-AD39-F18A9EEEA4DB}
		{B84E4596-7315-4264-8AF9-AF946CA0B8E6} = {13487CCD-E92A-4582-AD39-F18A9EEEA4DB}
		{71D6A74F-3540-439B-9BFD-7AD99B528115} = {6E7CD832-AFA3-4D03-B82D-E8F1AFF94819}
		{9A773018-FD24-4312-9F54-13F3B2306D88} = {6E7CD832-AFA3-4D03-B82D-E8F1AFF94819}
		{DEC26B07-E7E0-4B55-80C7-A6349D11A7F1} = {6E7CD832-AFA3-4D03-B82D-E8F1AFF94819}
		{52539D17-B55D-42B0-A600-29F8408273E8} = {BCCE24F6-38A0-4B36-BEC2-169FEBBE1160}
		{EEC45744-208C-4C23-BEBE-9435928AD16D} = {BCCE24F6-38A0-4B36-BEC2-169FEBBE1160}
		{826C19EB-49B6-4C95-9E92-EE320E419BE5} = {BCCE24F6-38A0-4B36-BEC2-169FEBBE1160}
		{B89A3D39-D0F8-4393-A4A9-C4F9081A9ADD} = {6EFD28EB-6E59-4F20-A196-4ECD973507D6}
		{5FE4749D-11DE-4CD5-A082-2D034264DCA0} = {6EFD28EB-6E59-4F20-A196-4ECD973507D6}
		{C5B41793-258F-4CCF-AE2D-4245451C1B62} = {6EFD28EB-6E59-4F20-A196-4ECD973507D6}
		{12804CE0-38C4-4004-BA83-821E0FDBF2DC} = {E0566476-F3CF-4F11-88CA-F2D9FC183352}
		{D2EBA5B2-862E-4F35-9639-A100D496F436} = {E0566476-F3CF-4F11-88CA-F2D9FC183352}
		{1CFC1F1C-16B3-4A77-99E3-743380C5EE22} = {E0566476-F3CF-4F11-88CA-F2D9FC183352}
	EndGlobalSection
	GlobalSection(ExtensibilityGlobals) = postSolution
		SolutionGuid = {D2890118-E720-4267-842D-E8A67BE27142}
	EndGlobalSection
EndGlobal
